
Microsoft Visual Studio Solution File, Format Version 12.00
# Visual Studio Version 17
VisualStudioVersion = 17.14.36518.9
MinimumVisualStudioVersion = 10.0.40219.1
Project("{FAE04EC0-301F-11D3-BF4B-00C04F79EFBC}") = "RAGQdrantLegal", "RAGQdrantLegal\RAGQdrantLegal.csproj", "{864AAA65-35E5-9B64-758F-9B19D010FD0F}"
EndProject
Global
	GlobalSection(SolutionConfigurationPlatforms) = preSolution
		Debug|Any CPU = Debug|Any CPU
		Release|Any CPU = Release|Any CPU
	EndGlobalSection
	GlobalSection(ProjectConfigurationPlatforms) = postSolution
		{864AAA65-35E5-9B64-758F-9B19D010FD0F}.Debug|Any CPU.ActiveCfg = Debug|Any CPU
		{864AAA65-35E5-9B64-758F-9B19D010FD0F}.Debug|Any CPU.Build.0 = Debug|Any CPU
		{864AAA65-35E5-9B64-758F-9B19D010FD0F}.Release|Any CPU.ActiveCfg = Release|Any CPU
		{864AAA65-35E5-9B64-758F-9B19D010FD0F}.Release|Any CPU.Build.0 = Release|Any CPU
	EndGlobalSection
	GlobalSection(SolutionProperties) = preSolution
		HideSolutionNode = FALSE
	EndGlobalSection
	GlobalSection(ExtensibilityGlobals) = postSolution
		SolutionGuid = {399434ED-5E74-4CF1-A975-4E69BAC88F3F}
	EndGlobalSection
EndGlobal
